// !$*UTF8*$!
{
	archiveVersion = 1;
	classes = {
	};
	objectVersion = 46;
	objects = {

/* Begin PBXBuildFile section */
		2DBA79451CC63FF700B0F274 /* main.m in Sources */ = {isa = PBXBuildFile; fileRef = 2DBA79441CC63FF700B0F274 /* main.m */; };
		2DBA79481CC63FF700B0F274 /* AppDelegate.m in Sources */ = {isa = PBXBuildFile; fileRef = 2DBA79471CC63FF700B0F274 /* AppDelegate.m */; };
		2DBA794B1CC63FF700B0F274 /* ViewController.m in Sources */ = {isa = PBXBuildFile; fileRef = 2DBA794A1CC63FF700B0F274 /* ViewController.m */; };
		2DBA794E1CC63FF700B0F274 /* Main.storyboard in Resources */ = {isa = PBXBuildFile; fileRef = 2DBA794C1CC63FF700B0F274 /* Main.storyboard */; };
		2DBA79501CC63FF700B0F274 /* Assets.xcassets in Resources */ = {isa = PBXBuildFile; fileRef = 2DBA794F1CC63FF700B0F274 /* Assets.xcassets */; };
		2DBA79531CC63FF700B0F274 /* LaunchScreen.storyboard in Resources */ = {isa = PBXBuildFile; fileRef = 2DBA79511CC63FF700B0F274 /* LaunchScreen.storyboard */; };
/* End PBXBuildFile section */

/* Begin PBXFileReference section */
		2DBA79401CC63FF700B0F274 /* PullDownListDemo.app */ = {isa = PBXFileReference; explicitFileType = wrapper.application; includeInIndex = 0; path = PullDownListDemo.app; sourceTree = BUILT_PRODUCTS_DIR; };
		2DBA79441CC63FF700B0F274 /* main.m */ = {isa = PBXFileReference; lastKnownFileType = sourcecode.c.objc; path = main.m; sourceTree = "<group>"; };
		2DBA79461CC63FF700B0F274 /* AppDelegate.h */ = {isa = PBXFileReference; lastKnownFileType = sourcecode.c.h; path = AppDelegate.h; sourceTree = "<group>"; };
		2DBA79471CC63FF700B0F274 /* AppDelegate.m */ = {isa = PBXFileReference; lastKnownFileType = sourcecode.c.objc; path = AppDelegate.m; sourceTree = "<group>"; };
		2DBA79491CC63FF700B0F274 /* ViewController.h */ = {isa = PBXFileReference; lastKnownFileType = sourcecode.c.h; path = ViewController.h; sourceTree = "<group>"; };
		2DBA794A1CC63FF700B0F274 /* ViewController.m */ = {isa = PBXFileReference; lastKnownFileType = sourcecode.c.objc; path = ViewController.m; sourceTree = "<group>"; };
		2DBA794D1CC63FF700B0F274 /* Base */ = {isa = PBXFileReference; lastKnownFileType = file.storyboard; name = Base; path = Base.lproj/Main.storyboard; sourceTree = "<group>"; };
		2DBA794F1CC63FF700B0F274 /* Assets.xcassets */ = {isa = PBXFileReference; lastKnownFileType = folder.assetcatalog; path = Assets.xcassets; sourceTree = "<group>"; };
		2DBA79521CC63FF700B0F274 /* Base */ = {isa = PBXFileReference; lastKnownFileType = file.storyboard; name = Base; path = Base.lproj/LaunchScreen.storyboard; sourceTree = "<group>"; };
		2DBA79541CC63FF700B0F274 /* Info.plist */ = {isa = PBXFileReference; lastKnownFileType = text.plist.xml; path = Info.plist; sourceTree = "<group>"; };
/* End PBXFileReference section */

/* Begin PBXFrameworksBuildPhase section */
		2DBA793D1CC63FF700B0F274 /* Frameworks */ = {
			isa = PBXFrameworksBuildPhase;
			buildActionMask = 2147483647;
			files = (
			);
			runOnlyForDeploymentPostprocessing = 0;
		};
/* End PBXFrameworksBuildPhase section */

/* Begin PBXGroup section */
		2DBA79371CC63FF700B0F274 = {
			isa = PBXGroup;
			children = (
				2DBA79421CC63FF700B0F274 /* PullDownListDemo */,
				2DBA79411CC63FF700B0F274 /* Products */,
			);
			sourceTree = "<group>";
		};
		2DBA79411CC63FF700B0F274 /* Products */ = {
			isa = PBXGroup;
			children = (
				2DBA79401CC63FF700B0F274 /* PullDownListDemo.app */,
			);
			name = Products;
			sourceTree = "<group>";
		};
		2DBA79421CC63FF700B0F274 /* PullDownListDemo */ = {
			isa = PBXGroup;
			children = (
				2DBA79461CC63FF700B0F274 /* AppDelegate.h */,
				2DBA79471CC63FF700B0F274 /* AppDelegate.m */,
				2DBA79491CC63FF700B0F274 /* ViewController.h */,
				2DBA794A1CC63FF700B0F274 /* ViewController.m */,
				2DBA794C1CC63FF700B0F274 /* Main.storyboard */,
				2DBA794F1CC63FF700B0F274 /* Assets.xcassets */,
				2DBA79511CC63FF700B0F274 /* LaunchScreen.storyboard */,
				2DBA79541CC63FF700B0F274 /* Info.plist */,
				2DBA79431CC63FF700B0F274 /* Supporting Files */,
			);
			path = PullDownListDemo;
			sourceTree = "<group>";
		};
		2DBA79431CC63FF700B0F274 /* Supporting Files */ = {
			isa = PBXGroup;
			children = (
				2DBA79441CC63FF700B0F274 /* main.m */,
			);
			name = "Supporting Files";
			sourceTree = "<group>";
		};
/* End PBXGroup section */

/* Begin PBXNativeTarget section */
		2DBA793F1CC63FF700B0F274 /* PullDownListDemo */ = {
			isa = PBXNativeTarget;
			buildConfigurationList = 2DBA79571CC63FF700B0F274 /* Build configuration list for PBXNativeTarget "PullDownListDemo" */;
			buildPhases = (
				2DBA793C1CC63FF700B0F274 /* Sources */,
				2DBA793D1CC63FF700B0F274 /* Frameworks */,
				2DBA793E1CC63FF700B0F274 /* Resources */,
			);
			buildRules = (
			);
			dependencies = (
			);
			name = PullDownListDemo;
			productName = PullDownListDemo;
			productReference = 2DBA79401CC63FF700B0F274 /* PullDownListDemo.app */;
			productType = "com.apple.product-type.application";
		};
/* End PBXNativeTarget section */

/* Begin PBXProject section */
		2DBA79381CC63FF700B0F274 /* Project object */ = {
			isa = PBXProject;
			attributes = {
				LastUpgradeCheck = 0730;
				ORGANIZATIONNAME = WessonWu;
				TargetAttributes = {
					2DBA793F1CC63FF700B0F274 = {
						CreatedOnToolsVersion = 7.3;
						DevelopmentTeam = S5VDKR9N5R;
					};
				};
			};
			buildConfigurationList = 2DBA793B1CC63FF700B0F274 /* Build configuration list for PBXProject "PullDownListDemo" */;
			compatibilityVersion = "Xcode 3.2";
			developmentRegion = English;
			hasScannedForEncodings = 0;
			knownRegions = (
				en,
				Base,
			);
			mainGroup = 2DBA79371CC63FF700B0F274;
			productRefGroup = 2DBA79411CC63FF700B0F274 /* Products */;
			projectDirPath = "";
			projectRoot = "";
			targets = (
				2DBA793F1CC63FF700B0F274 /* PullDownListDemo */,
			);
		};
/* End PBXProject section */

/* Begin PBXResourcesBuildPhase section */
		2DBA793E1CC63FF700B0F274 /* Resources */ = {
			isa = PBXResourcesBuildPhase;
			buildActionMask = 2147483647;
			files = (
				2DBA79531CC63FF700B0F274 /* LaunchScreen.storyboard in Resources */,
				2DBA79501CC63FF700B0F274 /* Assets.xcassets in Resources */,
				2DBA794E1CC63FF700B0F274 /* Main.storyboard in Resources */,
			);
			runOnlyForDeploymentPostprocessing = 0;
		};
/* End PBXResourcesBuildPhase section */

/* Begin PBXSourcesBuildPhase section */
		2DBA793C1CC63FF700B0F274 /* Sources */ = {
			isa = PBXSourcesBuildPhase;
			buildActionMask = 2147483647;
			files = (
				2DBA794B1CC63FF700B0F274 /* ViewController.m in Sources */,
				2DBA79481CC63FF700B0F274 /* AppDelegate.m in Sources */,
				2DBA79451CC63FF700B0F274 /* main.m in Sources */,
			);
			runOnlyForDeploymentPostprocessing = 0;
		};
/* End PBXSourcesBuildPhase section */

/* Begin PBXVariantGroup section */
		2DBA794C1CC63FF700B0F274 /* Main.storyboard */ = {
			isa = PBXVariantGroup;
			children = (
				2DBA794D1CC63FF700B0F274 /* Base */,
			);
			name = Main.storyboard;
			sourceTree = "<group>";
		};
		2DBA79511CC63FF700B0F274 /* LaunchScreen.storyboard */ = {
			isa = PBXVariantGroup;
			children = (
				2DBA79521CC63FF700B0F274 /* Base */,
			);
			name = LaunchScreen.storyboard;
			sourceTree = "<group>";
		};
/* End PBXVariantGroup section */

/* Begin XCBuildConfiguration section */
		2DBA79551CC63FF700B0F274 /* Debug */ = {
			isa = XCBuildConfiguration;
			buildSettings = {
				ALWAYS_SEARCH_USER_PATHS = NO;
				CLANG_ANALYZER_NONNULL = YES;
				CLANG_CXX_LANGUAGE_STANDARD = "gnu++0x";
				CLANG_CXX_LIBRARY = "libc++";
				CLANG_ENABLE_MODULES = YES;
				CLANG_ENABLE_OBJC_ARC = YES;
				CLANG_WARN_BOOL_CONVERSION = YES;
				CLANG_WARN_CONSTANT_CONVERSION = YES;
				CLANG_WARN_DIRECT_OBJC_ISA_USAGE = YES_ERROR;
				CLANG_WARN_EMPTY_BODY = YES;
				CLANG_WARN_ENUM_CONVERSION = YES;
				CLANG_WARN_INT_CONVERSION = YES;
				CLANG_WARN_OBJC_ROOT_CLASS = YES_ERROR;
				CLANG_WARN_UNREACHABLE_CODE = YES;
				CLANG_WARN__DUPLICATE_METHOD_MATCH = YES;
				"CODE_SIGN_IDENTITY[sdk=iphoneos*]" = "iPhone Developer";
				COPY_PHASE_STRIP = NO;
				DEBUG_INFORMATION_FORMAT = dwarf;
				ENABLE_STRICT_OBJC_MSGSEND = YES;
				ENABLE_TESTABILITY = YES;
				GCC_C_LANGUAGE_STANDARD = gnu99;
				GCC_DYNAMIC_NO_PIC = NO;
				GCC_NO_COMMON_BLOCKS = YES;
				GCC_OPTIMIZATION_LEVEL = 0;
				GCC_PREPROCESSOR_DEFINITIONS = (
					"DEBUG=1",
					"$(inherited)",
				);
				GCC_WARN_64_TO_32_BIT_CONVERSION = YES;
				GCC_WARN_ABOUT_RETURN_TYPE = YES_ERROR;
				GCC_WARN_UNDECLARED_SELECTOR = YES;
				GCC_WARN_UNINITIALIZED_AUTOS = YES_AGGRESSIVE;
				GCC_WARN_UNUSED_FUNCTION = YES;
				GCC_WARN_UNUSED_VARIABLE = YES;
				IPHONEOS_DEPLOYMENT_TARGET = 9.3;
				MTL_ENABLE_DEBUG_INFO = YES;
				ONLY_ACTIVE_ARCH = YES;
				SDKROOT = iphoneos;
				TARGETED_DEVICE_FAMILY = "1,2";
			};
			name = Debug;
		};
		2DBA79561CC63FF700B0F274 /* Release */ = {
			isa = XCBuildConfiguration;
			buildSettings = {
				ALWAYS_SEARCH_USER_PATHS = NO;
				CLANG_ANALYZER_NONNULL = YES;
				CLANG_CXX_LANGUAGE_STANDARD = "gnu++0x";
				CLANG_CXX_LIBRARY = "libc++";
				CLANG_ENABLE_MODULES = YES;
				CLANG_ENABLE_OBJC_ARC = YES;
				CLANG_WARN_BOOL_CONVERSION = YES;
				CLANG_WARN_CONSTANT_CONVERSION = YES;
				CLANG_WARN_DIRECT_OBJC_ISA_USAGE = YES_ERROR;
				CLANG_WARN_EMPTY_BODY = YES;
				CLANG_WARN_ENUM_CONVERSION = YES;
				CLANG_WARN_INT_CONVERSION = YES;
				CLANG_WARN_OBJC_ROOT_CLASS = YES_ERROR;
				CLANG_WARN_UNREACHABLE_CODE = YES;
				CLANG_WARN__DUPLICATE_METHOD_MATCH = YES;
				"CODE_SIGN_IDENTITY[sdk=iphoneos*]" = "iPhone Developer";
				COPY_PHASE_STRIP = NO;
				DEBUG_INFORMATION_FORMAT = "dwarf-with-dsym";
				ENABLE_NS_ASSERTIONS = NO;
				ENABLE_STRICT_OBJC_MSGSEND = YES;
				GCC_C_LANGUAGE_STANDARD = gnu99;
				GCC_NO_COMMON_BLOCKS = YES;
				GCC_WARN_64_TO_32_BIT_CONVERSION = YES;
				GCC_WARN_ABOUT_RETURN_TYPE = YES_ERROR;
				GCC_WARN_UNDECLARED_SELECTOR = YES;
				GCC_WARN_UNINITIALIZED_AUTOS = YES_AGGRESSIVE;
				GCC_WARN_UNUSED_FUNCTION = YES;
				GCC_WARN_UNUSED_VARIABLE = YES;
				IPHONEOS_DEPLOYMENT_TARGET = 9.3;
				MTL_ENABLE_DEBUG_INFO = NO;
				SDKROOT = iphoneos;
				TARGETED_DEVICE_FAMILY = "1,2";
				VALIDATE_PRODUCT = YES;
			};
			name = Release;
		};
		2DBA79581CC63FF700B0F274 /* Debug */ = {
			isa = XCBuildConfiguration;
			buildSettings = {
				ASSETCATALOG_COMPILER_APPICON_NAME = AppIcon;
				INFOPLIST_FILE = PullDownListDemo/Info.plist;
				LD_RUNPATH_SEARCH_PATHS = "$(inherited) @executable_path/Frameworks";
				PRODUCT_BUNDLE_IDENTIFIER = com.wesson.PullDownListDemo;
				PRODUCT_NAME = "$(TARGET_NAME)";
			};
			name = Debug;
		};
		2DBA79591CC63FF700B0F274 /* Release */ = {
			isa = XCBuildConfiguration;
			buildSettings = {
				ASSETCATALOG_COMPILER_APPICON_NAME = AppIcon;
				INFOPLIST_FILE = PullDownListDemo/Info.plist;
				LD_RUNPATH_SEARCH_PATHS = "$(inherited) @executable_path/Frameworks";
				PRODUCT_BUNDLE_IDENTIFIER = com.wesson.PullDownListDemo;
				PRODUCT_NAME = "$(TARGET_NAME)";
			};
			name = Release;
		};
/* End XCBuildConfiguration section */

/* Begin XCConfigurationList section */
		2DBA793B1CC63FF700B0F274 /* Build configuration list for PBXProject "PullDownListDemo" */ = {
			isa = XCConfigurationList;
			buildConfigurations = (
				2DBA79551CC63FF700B0F274 /* Debug */,
				2DBA79561CC63FF700B0F274 /* Release */,
			);
			defaultConfigurationIsVisible = 0;
			defaultConfigurationName = Release;
		};
		2DBA79571CC63FF700B0F274 /* Build configuration list for PBXNativeTarget "PullDownListDemo" */ = {
			isa = XCConfigurationList;
			buildConfigurations = (
				2DBA79581CC63FF700B0F274 /* Debug */,
				2DBA79591CC63FF700B0F274 /* Release */,
			);
			defaultConfigurationIsVisible = 0;
		};
/* End XCConfigurationList section */
	};
	rootObject = 2DBA79381CC63FF700B0F274 /* Project object */;
}
